
Microsoft Visual Studio Solution File, Format Version 12.00
# Visual Studio Version 17
VisualStudioVersion = 17.5.002.0
MinimumVisualStudioVersion = 10.0.40219.1
Project("{9A19103F-16F7-4668-BE54-9A1E7A4F7556}") = "MultiplicacionRusa", "MultiplicacionRusa.csproj", "{5030D5BA-EF1E-4A06-B7BF-5F32F085DBDA}"
EndProject
Global
	GlobalSection(SolutionConfigurationPlatforms) = preSolution
		Debug|Any CPU = Debug|Any CPU
		Release|Any CPU = Release|Any CPU
	EndGlobalSection
	GlobalSection(ProjectConfigurationPlatforms) = postSolution
		{5030D5BA-EF1E-4A06-B7BF-5F32F085DBDA}.Debug|Any CPU.ActiveCfg = Debug|Any CPU
		{5030D5BA-EF1E-4A06-B7BF-5F32F085DBDA}.Debug|Any CPU.Build.0 = Debug|Any CPU
		{5030D5BA-EF1E-4A06-B7BF-5F32F085DBDA}.Release|Any CPU.ActiveCfg = Release|Any CPU
		{5030D5BA-EF1E-4A06-B7BF-5F32F085DBDA}.Release|Any CPU.Build.0 = Release|Any CPU
	EndGlobalSection
	GlobalSection(SolutionProperties) = preSolution
		HideSolutionNode = FALSE
	EndGlobalSection
	GlobalSection(ExtensibilityGlobals) = postSolution
		SolutionGuid = {A7A93E29-4B36-46DB-8143-F24D379C4ED2}
	EndGlobalSection
EndGlobal
